
Microsoft Visual Studio Solution File, Format Version 12.00
# Visual Studio Version 16
VisualStudioVersion = 16.0.31624.102
MinimumVisualStudioVersion = 10.0.40219.1
Project("{FAE04EC0-301F-11D3-BF4B-00C04F79EFBC}") = "Developer_form", "Developer_form.csproj", "{866064C4-FE75-4698-B4C5-913E00545B10}"
EndProject
Global
	GlobalSection(SolutionConfigurationPlatforms) = preSolution
		Debug|Any CPU = Debug|Any CPU
		Release|Any CPU = Release|Any CPU
	EndGlobalSection
	GlobalSection(ProjectConfigurationPlatforms) = postSolution
		{866064C4-FE75-4698-B4C5-913E00545B10}.Debug|Any CPU.ActiveCfg = Debug|Any CPU
		{866064C4-FE75-4698-B4C5-913E00545B10}.Debug|Any CPU.Build.0 = Debug|Any CPU
		{866064C4-FE75-4698-B4C5-913E00545B10}.Release|Any CPU.ActiveCfg = Release|Any CPU
		{866064C4-FE75-4698-B4C5-913E00545B10}.Release|Any CPU.Build.0 = Release|Any CPU
	EndGlobalSection
	GlobalSection(SolutionProperties) = preSolution
		HideSolutionNode = FALSE
	EndGlobalSection
	GlobalSection(ExtensibilityGlobals) = postSolution
		SolutionGuid = {7508BD12-4932-4D67-8FF3-0F08AC029159}
	EndGlobalSection
EndGlobal
